
Microsoft Visual Studio Solution File, Format Version 12.00
# Visual Studio Version 16
VisualStudioVersion = 16.0.30503.244
MinimumVisualStudioVersion = 10.0.40219.1
Project("{FAE04EC0-301F-11D3-BF4B-00C04F79EFBC}") = "PullReq", "PullReq\PullReq.csproj", "{346FD70F-1178-49C4-BD92-182BDE400899}"
EndProject
Project("{FAE04EC0-301F-11D3-BF4B-00C04F79EFBC}") = "PullReq.Test", "PullReq.Test\PullReq.Test.csproj", "{C4858845-1E94-4CA4-AA4B-C0AFB33239C3}"
EndProject
Global
	GlobalSection(SolutionConfigurationPlatforms) = preSolution
		Debug|Any CPU = Debug|Any CPU
		Release|Any CPU = Release|Any CPU
	EndGlobalSection
	GlobalSection(ProjectConfigurationPlatforms) = postSolution
		{346FD70F-1178-49C4-BD92-182BDE400899}.Debug|Any CPU.ActiveCfg = Debug|Any CPU
		{346FD70F-1178-49C4-BD92-182BDE400899}.Debug|Any CPU.Build.0 = Debug|Any CPU
		{346FD70F-1178-49C4-BD92-182BDE400899}.Release|Any CPU.ActiveCfg = Release|Any CPU
		{346FD70F-1178-49C4-BD92-182BDE400899}.Release|Any CPU.Build.0 = Release|Any CPU
		{C4858845-1E94-4CA4-AA4B-C0AFB33239C3}.Debug|Any CPU.ActiveCfg = Debug|Any CPU
		{C4858845-1E94-4CA4-AA4B-C0AFB33239C3}.Debug|Any CPU.Build.0 = Debug|Any CPU
		{C4858845-1E94-4CA4-AA4B-C0AFB33239C3}.Release|Any CPU.ActiveCfg = Release|Any CPU
		{C4858845-1E94-4CA4-AA4B-C0AFB33239C3}.Release|Any CPU.Build.0 = Release|Any CPU
	EndGlobalSection
	GlobalSection(SolutionProperties) = preSolution
		HideSolutionNode = FALSE
	EndGlobalSection
	GlobalSection(ExtensibilityGlobals) = postSolution
		SolutionGuid = {05FD7A0E-33C8-4230-8AAF-9EBB6A6C6634}
	EndGlobalSection
EndGlobal
